// !$*UTF8*$!
{
	archiveVersion = 1;
	classes = {
	};
	objectVersion = 48;
	objects = {

/* Begin PBXBuildFile section */
		DF311B531F8F59D900604747 /* CredentialsViewController.swift in Sources */ = {isa = PBXBuildFile; fileRef = DF311B521F8F59D900604747 /* CredentialsViewController.swift */; };
		DF34E0281F8E520200D061C3 /* KeyPathBinding.swift in Sources */ = {isa = PBXBuildFile; fileRef = DFC81C991F8E5165008FBE95 /* KeyPathBinding.swift */; };
		DF725A6A1F8E4B7800DF4931 /* AppDelegate.swift in Sources */ = {isa = PBXBuildFile; fileRef = DF725A691F8E4B7800DF4931 /* AppDelegate.swift */; };
		DF725A6F1F8E4B7800DF4931 /* Main.storyboard in Resources */ = {isa = PBXBuildFile; fileRef = DF725A6D1F8E4B7800DF4931 /* Main.storyboard */; };
		DF725A711F8E4B7800DF4931 /* Assets.xcassets in Resources */ = {isa = PBXBuildFile; fileRef = DF725A701F8E4B7800DF4931 /* Assets.xcassets */; };
		DF725A741F8E4B7800DF4931 /* LaunchScreen.storyboard in Resources */ = {isa = PBXBuildFile; fileRef = DF725A721F8E4B7800DF4931 /* LaunchScreen.storyboard */; };
		DF725A881F8E4CAB00DF4931 /* Credentials.swift in Sources */ = {isa = PBXBuildFile; fileRef = DF725A871F8E4CAB00DF4931 /* Credentials.swift */; };
		DF725A911F8E4DF600DF4931 /* LoginViewModel.swift in Sources */ = {isa = PBXBuildFile; fileRef = DF725A901F8E4DF300DF4931 /* LoginViewModel.swift */; };
		DF725A931F8E4E3F00DF4931 /* LoginViewController.swift in Sources */ = {isa = PBXBuildFile; fileRef = DF725A921F8E4E2900DF4931 /* LoginViewController.swift */; };
/* End PBXBuildFile section */

/* Begin PBXFileReference section */
		DF311B521F8F59D900604747 /* CredentialsViewController.swift */ = {isa = PBXFileReference; lastKnownFileType = sourcecode.swift; path = CredentialsViewController.swift; sourceTree = "<group>"; };
		DF725A661F8E4B7800DF4931 /* Bidirectional MVVM.app */ = {isa = PBXFileReference; explicitFileType = wrapper.application; includeInIndex = 0; path = "Bidirectional MVVM.app"; sourceTree = BUILT_PRODUCTS_DIR; };
		DF725A691F8E4B7800DF4931 /* AppDelegate.swift */ = {isa = PBXFileReference; lastKnownFileType = sourcecode.swift; path = AppDelegate.swift; sourceTree = "<group>"; };
		DF725A6E1F8E4B7800DF4931 /* Base */ = {isa = PBXFileReference; lastKnownFileType = file.storyboard; name = Base; path = Base.lproj/Main.storyboard; sourceTree = "<group>"; };
		DF725A701F8E4B7800DF4931 /* Assets.xcassets */ = {isa = PBXFileReference; lastKnownFileType = folder.assetcatalog; path = Assets.xcassets; sourceTree = "<group>"; };
		DF725A731F8E4B7800DF4931 /* Base */ = {isa = PBXFileReference; lastKnownFileType = file.storyboard; name = Base; path = Base.lproj/LaunchScreen.storyboard; sourceTree = "<group>"; };
		DF725A751F8E4B7800DF4931 /* Info.plist */ = {isa = PBXFileReference; lastKnownFileType = text.plist.xml; path = Info.plist; sourceTree = "<group>"; };
		DF725A871F8E4CAB00DF4931 /* Credentials.swift */ = {isa = PBXFileReference; lastKnownFileType = sourcecode.swift; path = Credentials.swift; sourceTree = "<group>"; };
		DF725A901F8E4DF300DF4931 /* LoginViewModel.swift */ = {isa = PBXFileReference; lastKnownFileType = sourcecode.swift; path = LoginViewModel.swift; sourceTree = "<group>"; };
		DF725A921F8E4E2900DF4931 /* LoginViewController.swift */ = {isa = PBXFileReference; lastKnownFileType = sourcecode.swift; path = LoginViewController.swift; sourceTree = "<group>"; };
		DFC81C991F8E5165008FBE95 /* KeyPathBinding.swift */ = {isa = PBXFileReference; lastKnownFileType = sourcecode.swift; path = KeyPathBinding.swift; sourceTree = "<group>"; };
/* End PBXFileReference section */

/* Begin PBXFrameworksBuildPhase section */
		DF725A631F8E4B7800DF4931 /* Frameworks */ = {
			isa = PBXFrameworksBuildPhase;
			buildActionMask = 2147483647;
			files = (
			);
			runOnlyForDeploymentPostprocessing = 0;
		};
/* End PBXFrameworksBuildPhase section */

/* Begin PBXGroup section */
		DF725A5D1F8E4B7800DF4931 = {
			isa = PBXGroup;
			children = (
				DF725A681F8E4B7800DF4931 /* Bidirectional MVVM */,
				DF725A671F8E4B7800DF4931 /* Products */,
			);
			sourceTree = "<group>";
		};
		DF725A671F8E4B7800DF4931 /* Products */ = {
			isa = PBXGroup;
			children = (
				DF725A661F8E4B7800DF4931 /* Bidirectional MVVM.app */,
			);
			name = Products;
			sourceTree = "<group>";
		};
		DF725A681F8E4B7800DF4931 /* Bidirectional MVVM */ = {
			isa = PBXGroup;
			children = (
				DFC81C981F8E5165008FBE95 /* Binding */,
				DF725A851F8E4C9500DF4931 /* Model */,
				DF725A8F1F8E4DC500DF4931 /* ViewModel */,
				DF725A8E1F8E4DB600DF4931 /* Controller */,
				DF725A691F8E4B7800DF4931 /* AppDelegate.swift */,
				DF725A6D1F8E4B7800DF4931 /* Main.storyboard */,
				DF725A701F8E4B7800DF4931 /* Assets.xcassets */,
				DF725A721F8E4B7800DF4931 /* LaunchScreen.storyboard */,
				DF725A751F8E4B7800DF4931 /* Info.plist */,
			);
			path = "Bidirectional MVVM";
			sourceTree = "<group>";
		};
		DF725A851F8E4C9500DF4931 /* Model */ = {
			isa = PBXGroup;
			children = (
				DF725A871F8E4CAB00DF4931 /* Credentials.swift */,
			);
			path = Model;
			sourceTree = "<group>";
		};
		DF725A8E1F8E4DB600DF4931 /* Controller */ = {
			isa = PBXGroup;
			children = (
				DF725A921F8E4E2900DF4931 /* LoginViewController.swift */,
				DF311B521F8F59D900604747 /* CredentialsViewController.swift */,
			);
			path = Controller;
			sourceTree = "<group>";
		};
		DF725A8F1F8E4DC500DF4931 /* ViewModel */ = {
			isa = PBXGroup;
			children = (
				DF725A901F8E4DF300DF4931 /* LoginViewModel.swift */,
			);
			path = ViewModel;
			sourceTree = "<group>";
		};
		DFC81C981F8E5165008FBE95 /* Binding */ = {
			isa = PBXGroup;
			children = (
				DFC81C991F8E5165008FBE95 /* KeyPathBinding.swift */,
			);
			path = Binding;
			sourceTree = "<group>";
		};
/* End PBXGroup section */

/* Begin PBXNativeTarget section */
		DF725A651F8E4B7800DF4931 /* Bidirectional MVVM */ = {
			isa = PBXNativeTarget;
			buildConfigurationList = DF725A781F8E4B7800DF4931 /* Build configuration list for PBXNativeTarget "Bidirectional MVVM" */;
			buildPhases = (
				DF725A621F8E4B7800DF4931 /* Sources */,
				DF725A631F8E4B7800DF4931 /* Frameworks */,
				DF725A641F8E4B7800DF4931 /* Resources */,
			);
			buildRules = (
			);
			dependencies = (
			);
			name = "Bidirectional MVVM";
			productName = "Bidirectional MVVM";
			productReference = DF725A661F8E4B7800DF4931 /* Bidirectional MVVM.app */;
			productType = "com.apple.product-type.application";
		};
/* End PBXNativeTarget section */

/* Begin PBXProject section */
		DF725A5E1F8E4B7800DF4931 /* Project object */ = {
			isa = PBXProject;
			attributes = {
				LastSwiftUpdateCheck = 0900;
				LastUpgradeCheck = 0900;
				ORGANIZATIONNAME = "Tomasz Wójcik";
				TargetAttributes = {
					DF725A651F8E4B7800DF4931 = {
						CreatedOnToolsVersion = 9.0;
						ProvisioningStyle = Automatic;
					};
				};
			};
			buildConfigurationList = DF725A611F8E4B7800DF4931 /* Build configuration list for PBXProject "Bidirectional MVVM" */;
			compatibilityVersion = "Xcode 8.0";
			developmentRegion = en;
			hasScannedForEncodings = 0;
			knownRegions = (
				en,
				Base,
			);
			mainGroup = DF725A5D1F8E4B7800DF4931;
			productRefGroup = DF725A671F8E4B7800DF4931 /* Products */;
			projectDirPath = "";
			projectRoot = "";
			targets = (
				DF725A651F8E4B7800DF4931 /* Bidirectional MVVM */,
			);
		};
/* End PBXProject section */

/* Begin PBXResourcesBuildPhase section */
		DF725A641F8E4B7800DF4931 /* Resources */ = {
			isa = PBXResourcesBuildPhase;
			buildActionMask = 2147483647;
			files = (
				DF725A741F8E4B7800DF4931 /* LaunchScreen.storyboard in Resources */,
				DF725A711F8E4B7800DF4931 /* Assets.xcassets in Resources */,
				DF725A6F1F8E4B7800DF4931 /* Main.storyboard in Resources */,
			);
			runOnlyForDeploymentPostprocessing = 0;
		};
/* End PBXResourcesBuildPhase section */

/* Begin PBXSourcesBuildPhase section */
		DF725A621F8E4B7800DF4931 /* Sources */ = {
			isa = PBXSourcesBuildPhase;
			buildActionMask = 2147483647;
			files = (
				DF34E0281F8E520200D061C3 /* KeyPathBinding.swift in Sources */,
				DF311B531F8F59D900604747 /* CredentialsViewController.swift in Sources */,
				DF725A911F8E4DF600DF4931 /* LoginViewModel.swift in Sources */,
				DF725A881F8E4CAB00DF4931 /* Credentials.swift in Sources */,
				DF725A931F8E4E3F00DF4931 /* LoginViewController.swift in Sources */,
				DF725A6A1F8E4B7800DF4931 /* AppDelegate.swift in Sources */,
			);
			runOnlyForDeploymentPostprocessing = 0;
		};
/* End PBXSourcesBuildPhase section */

/* Begin PBXVariantGroup section */
		DF725A6D1F8E4B7800DF4931 /* Main.storyboard */ = {
			isa = PBXVariantGroup;
			children = (
				DF725A6E1F8E4B7800DF4931 /* Base */,
			);
			name = Main.storyboard;
			sourceTree = "<group>";
		};
		DF725A721F8E4B7800DF4931 /* LaunchScreen.storyboard */ = {
			isa = PBXVariantGroup;
			children = (
				DF725A731F8E4B7800DF4931 /* Base */,
			);
			name = LaunchScreen.storyboard;
			sourceTree = "<group>";
		};
/* End PBXVariantGroup section */

/* Begin XCBuildConfiguration section */
		DF725A761F8E4B7800DF4931 /* Debug */ = {
			isa = XCBuildConfiguration;
			buildSettings = {
				ALWAYS_SEARCH_USER_PATHS = NO;
				CLANG_ANALYZER_NONNULL = YES;
				CLANG_ANALYZER_NUMBER_OBJECT_CONVERSION = YES_AGGRESSIVE;
				CLANG_CXX_LANGUAGE_STANDARD = "gnu++14";
				CLANG_CXX_LIBRARY = "libc++";
				CLANG_ENABLE_MODULES = YES;
				CLANG_ENABLE_OBJC_ARC = YES;
				CLANG_WARN_BLOCK_CAPTURE_AUTORELEASING = YES;
				CLANG_WARN_BOOL_CONVERSION = YES;
				CLANG_WARN_COMMA = YES;
				CLANG_WARN_CONSTANT_CONVERSION = YES;
				CLANG_WARN_DIRECT_OBJC_ISA_USAGE = YES_ERROR;
				CLANG_WARN_DOCUMENTATION_COMMENTS = YES;
				CLANG_WARN_EMPTY_BODY = YES;
				CLANG_WARN_ENUM_CONVERSION = YES;
				CLANG_WARN_INFINITE_RECURSION = YES;
				CLANG_WARN_INT_CONVERSION = YES;
				CLANG_WARN_NON_LITERAL_NULL_CONVERSION = YES;
				CLANG_WARN_OBJC_LITERAL_CONVERSION = YES;
				CLANG_WARN_OBJC_ROOT_CLASS = YES_ERROR;
				CLANG_WARN_RANGE_LOOP_ANALYSIS = YES;
				CLANG_WARN_STRICT_PROTOTYPES = YES;
				CLANG_WARN_SUSPICIOUS_MOVE = YES;
				CLANG_WARN_UNGUARDED_AVAILABILITY = YES_AGGRESSIVE;
				CLANG_WARN_UNREACHABLE_CODE = YES;
				CLANG_WARN__DUPLICATE_METHOD_MATCH = YES;
				CODE_SIGN_IDENTITY = "iPhone Developer";
				COPY_PHASE_STRIP = NO;
				DEBUG_INFORMATION_FORMAT = dwarf;
				ENABLE_STRICT_OBJC_MSGSEND = YES;
				ENABLE_TESTABILITY = YES;
				GCC_C_LANGUAGE_STANDARD = gnu11;
				GCC_DYNAMIC_NO_PIC = NO;
				GCC_NO_COMMON_BLOCKS = YES;
				GCC_OPTIMIZATION_LEVEL = 0;
				GCC_PREPROCESSOR_DEFINITIONS = (
					"DEBUG=1",
					"$(inherited)",
				);
				GCC_WARN_64_TO_32_BIT_CONVERSION = YES;
				GCC_WARN_ABOUT_RETURN_TYPE = YES_ERROR;
				GCC_WARN_UNDECLARED_SELECTOR = YES;
				GCC_WARN_UNINITIALIZED_AUTOS = YES_AGGRESSIVE;
				GCC_WARN_UNUSED_FUNCTION = YES;
				GCC_WARN_UNUSED_VARIABLE = YES;
				IPHONEOS_DEPLOYMENT_TARGET = 11.0;
				MTL_ENABLE_DEBUG_INFO = YES;
				ONLY_ACTIVE_ARCH = YES;
				SDKROOT = iphoneos;
				SWIFT_ACTIVE_COMPILATION_CONDITIONS = DEBUG;
				SWIFT_OPTIMIZATION_LEVEL = "-Onone";
			};
			name = Debug;
		};
		DF725A771F8E4B7800DF4931 /* Release */ = {
			isa = XCBuildConfiguration;
			buildSettings = {
				ALWAYS_SEARCH_USER_PATHS = NO;
				CLANG_ANALYZER_NONNULL = YES;
				CLANG_ANALYZER_NUMBER_OBJECT_CONVERSION = YES_AGGRESSIVE;
				CLANG_CXX_LANGUAGE_STANDARD = "gnu++14";
				CLANG_CXX_LIBRARY = "libc++";
				CLANG_ENABLE_MODULES = YES;
				CLANG_ENABLE_OBJC_ARC = YES;
				CLANG_WARN_BLOCK_CAPTURE_AUTORELEASING = YES;
				CLANG_WARN_BOOL_CONVERSION = YES;
				CLANG_WARN_COMMA = YES;
				CLANG_WARN_CONSTANT_CONVERSION = YES;
				CLANG_WARN_DIRECT_OBJC_ISA_USAGE = YES_ERROR;
				CLANG_WARN_DOCUMENTATION_COMMENTS = YES;
				CLANG_WARN_EMPTY_BODY = YES;
				CLANG_WARN_ENUM_CONVERSION = YES;
				CLANG_WARN_INFINITE_RECURSION = YES;
				CLANG_WARN_INT_CONVERSION = YES;
				CLANG_WARN_NON_LITERAL_NULL_CONVERSION = YES;
				CLANG_WARN_OBJC_LITERAL_CONVERSION = YES;
				CLANG_WARN_OBJC_ROOT_CLASS = YES_ERROR;
				CLANG_WARN_RANGE_LOOP_ANALYSIS = YES;
				CLANG_WARN_STRICT_PROTOTYPES = YES;
				CLANG_WARN_SUSPICIOUS_MOVE = YES;
				CLANG_WARN_UNGUARDED_AVAILABILITY = YES_AGGRESSIVE;
				CLANG_WARN_UNREACHABLE_CODE = YES;
				CLANG_WARN__DUPLICATE_METHOD_MATCH = YES;
				CODE_SIGN_IDENTITY = "iPhone Developer";
				COPY_PHASE_STRIP = NO;
				DEBUG_INFORMATION_FORMAT = "dwarf-with-dsym";
				ENABLE_NS_ASSERTIONS = NO;
				ENABLE_STRICT_OBJC_MSGSEND = YES;
				GCC_C_LANGUAGE_STANDARD = gnu11;
				GCC_NO_COMMON_BLOCKS = YES;
				GCC_WARN_64_TO_32_BIT_CONVERSION = YES;
				GCC_WARN_ABOUT_RETURN_TYPE = YES_ERROR;
				GCC_WARN_UNDECLARED_SELECTOR = YES;
				GCC_WARN_UNINITIALIZED_AUTOS = YES_AGGRESSIVE;
				GCC_WARN_UNUSED_FUNCTION = YES;
				GCC_WARN_UNUSED_VARIABLE = YES;
				IPHONEOS_DEPLOYMENT_TARGET = 11.0;
				MTL_ENABLE_DEBUG_INFO = NO;
				SDKROOT = iphoneos;
				SWIFT_OPTIMIZATION_LEVEL = "-Owholemodule";
				VALIDATE_PRODUCT = YES;
			};
			name = Release;
		};
		DF725A791F8E4B7800DF4931 /* Debug */ = {
			isa = XCBuildConfiguration;
			buildSettings = {
				ASSETCATALOG_COMPILER_APPICON_NAME = AppIcon;
				CODE_SIGN_STYLE = Automatic;
				DEVELOPMENT_TEAM = "";
				INFOPLIST_FILE = "Bidirectional MVVM/Info.plist";
				LD_RUNPATH_SEARCH_PATHS = "$(inherited) @executable_path/Frameworks";
				PRODUCT_BUNDLE_IDENTIFIER = "pl.playbit.Bidirectional-MVVM";
				PRODUCT_NAME = "$(TARGET_NAME)";
				SWIFT_VERSION = 4.0;
				TARGETED_DEVICE_FAMILY = "1,2";
			};
			name = Debug;
		};
		DF725A7A1F8E4B7800DF4931 /* Release */ = {
			isa = XCBuildConfiguration;
			buildSettings = {
				ASSETCATALOG_COMPILER_APPICON_NAME = AppIcon;
				CODE_SIGN_STYLE = Automatic;
				DEVELOPMENT_TEAM = "";
				INFOPLIST_FILE = "Bidirectional MVVM/Info.plist";
				LD_RUNPATH_SEARCH_PATHS = "$(inherited) @executable_path/Frameworks";
				PRODUCT_BUNDLE_IDENTIFIER = "pl.playbit.Bidirectional-MVVM";
				PRODUCT_NAME = "$(TARGET_NAME)";
				SWIFT_VERSION = 4.0;
				TARGETED_DEVICE_FAMILY = "1,2";
			};
			name = Release;
		};
/* End XCBuildConfiguration section */

/* Begin XCConfigurationList section */
		DF725A611F8E4B7800DF4931 /* Build configuration list for PBXProject "Bidirectional MVVM" */ = {
			isa = XCConfigurationList;
			buildConfigurations = (
				DF725A761F8E4B7800DF4931 /* Debug */,
				DF725A771F8E4B7800DF4931 /* Release */,
			);
			defaultConfigurationIsVisible = 0;
			defaultConfigurationName = Release;
		};
		DF725A781F8E4B7800DF4931 /* Build configuration list for PBXNativeTarget "Bidirectional MVVM" */ = {
			isa = XCConfigurationList;
			buildConfigurations = (
				DF725A791F8E4B7800DF4931 /* Debug */,
				DF725A7A1F8E4B7800DF4931 /* Release */,
			);
			defaultConfigurationIsVisible = 0;
			defaultConfigurationName = Release;
		};
/* End XCConfigurationList section */
	};
	rootObject = DF725A5E1F8E4B7800DF4931 /* Project object */;
}
